
Microsoft Visual Studio Solution File, Format Version 12.00
# Visual Studio Version 17
VisualStudioVersion = 17.0.32112.339
MinimumVisualStudioVersion = 10.0.40219.1
Project("{9A19103F-16F7-4668-BE54-9A1E7A4F7556}") = "BlueRocket.KERNEL", "BlueRocket.KERNEL.csproj", "{488F7112-6C43-4177-AB1F-FF3F69F841A0}"
EndProject
Project("{9A19103F-16F7-4668-BE54-9A1E7A4F7556}") = "BlueRocket.KERNEL.UT", "..\TESTING\KERNEL-QA\BlueRocket.KERNEL.UT.csproj", "{52ED82F3-CA68-42EC-9A9C-5B1AF4E2D326}"
	ProjectSection(ProjectDependencies) = postProject
		{488F7112-6C43-4177-AB1F-FF3F69F841A0} = {488F7112-6C43-4177-AB1F-FF3F69F841A0}
	EndProjectSection
EndProject
Global
	GlobalSection(SolutionConfigurationPlatforms) = preSolution
		Debug|Any CPU = Debug|Any CPU
		Release|Any CPU = Release|Any CPU
	EndGlobalSection
	GlobalSection(ProjectConfigurationPlatforms) = postSolution
		{488F7112-6C43-4177-AB1F-FF3F69F841A0}.Debug|Any CPU.ActiveCfg = Debug|Any CPU
		{488F7112-6C43-4177-AB1F-FF3F69F841A0}.Debug|Any CPU.Build.0 = Debug|Any CPU
		{488F7112-6C43-4177-AB1F-FF3F69F841A0}.Release|Any CPU.ActiveCfg = Release|Any CPU
		{488F7112-6C43-4177-AB1F-FF3F69F841A0}.Release|Any CPU.Build.0 = Release|Any CPU
		{52ED82F3-CA68-42EC-9A9C-5B1AF4E2D326}.Debug|Any CPU.ActiveCfg = Debug|Any CPU
		{52ED82F3-CA68-42EC-9A9C-5B1AF4E2D326}.Debug|Any CPU.Build.0 = Debug|Any CPU
		{52ED82F3-CA68-42EC-9A9C-5B1AF4E2D326}.Release|Any CPU.ActiveCfg = Release|Any CPU
		{52ED82F3-CA68-42EC-9A9C-5B1AF4E2D326}.Release|Any CPU.Build.0 = Release|Any CPU
	EndGlobalSection
	GlobalSection(SolutionProperties) = preSolution
		HideSolutionNode = FALSE
	EndGlobalSection
	GlobalSection(ExtensibilityGlobals) = postSolution
		SolutionGuid = {2F15AAD0-48DC-496E-B7E0-D78096EA7C6C}
	EndGlobalSection
EndGlobal
